
Microsoft Visual Studio Solution File, Format Version 12.00
# Visual Studio Version 17
VisualStudioVersion = 17.3.32811.315
MinimumVisualStudioVersion = 10.0.40219.1
Project("{9A19103F-16F7-4668-BE54-9A1E7A4F7556}") = "XrmPath.Web", "XrmPath.Web\XrmPath.Web.csproj", "{5177686B-C567-4186-947F-3F5F0E05D06C}"
EndProject
Project("{FAE04EC0-301F-11D3-BF4B-00C04F79EFBC}") = "XrmPath.Helpers", "XrmPath.Helpers\XrmPath.Helpers.csproj", "{64F74037-C667-41DB-8F35-284D4D335780}"
EndProject
Global
	GlobalSection(SolutionConfigurationPlatforms) = preSolution
		Debug|Any CPU = Debug|Any CPU
		Release|Any CPU = Release|Any CPU
	EndGlobalSection
	GlobalSection(ProjectConfigurationPlatforms) = postSolution
		{5177686B-C567-4186-947F-3F5F0E05D06C}.Debug|Any CPU.ActiveCfg = Debug|Any CPU
		{5177686B-C567-4186-947F-3F5F0E05D06C}.Debug|Any CPU.Build.0 = Debug|Any CPU
		{5177686B-C567-4186-947F-3F5F0E05D06C}.Release|Any CPU.ActiveCfg = Release|Any CPU
		{5177686B-C567-4186-947F-3F5F0E05D06C}.Release|Any CPU.Build.0 = Release|Any CPU
		{64F74037-C667-41DB-8F35-284D4D335780}.Debug|Any CPU.ActiveCfg = Debug|Any CPU
		{64F74037-C667-41DB-8F35-284D4D335780}.Debug|Any CPU.Build.0 = Debug|Any CPU
		{64F74037-C667-41DB-8F35-284D4D335780}.Release|Any CPU.ActiveCfg = Release|Any CPU
		{64F74037-C667-41DB-8F35-284D4D335780}.Release|Any CPU.Build.0 = Release|Any CPU
	EndGlobalSection
	GlobalSection(SolutionProperties) = preSolution
		HideSolutionNode = FALSE
	EndGlobalSection
	GlobalSection(ExtensibilityGlobals) = postSolution
		SolutionGuid = {01C6BE5A-6A0A-43F8-A247-495D7C713F78}
	EndGlobalSection
EndGlobal
