
Microsoft Visual Studio Solution File, Format Version 12.00
# Visual Studio Version 16
VisualStudioVersion = 16.0.29709.97
MinimumVisualStudioVersion = 10.0.40219.1
Project("{FAE04EC0-301F-11D3-BF4B-00C04F79EFBC}") = "XrmPath.CRM.DataAccess", "XrmPath.CRM.DataAccess.csproj", "{57A91768-906F-4083-8486-CCF18D7E79F4}"
EndProject
Global
	GlobalSection(SolutionConfigurationPlatforms) = preSolution
		Debug|Any CPU = Debug|Any CPU
		Staging|Any CPU = Staging|Any CPU
	EndGlobalSection
	GlobalSection(ProjectConfigurationPlatforms) = postSolution
		{57A91768-906F-4083-8486-CCF18D7E79F4}.Debug|Any CPU.ActiveCfg = Debug|Any CPU
		{57A91768-906F-4083-8486-CCF18D7E79F4}.Debug|Any CPU.Build.0 = Debug|Any CPU
		{57A91768-906F-4083-8486-CCF18D7E79F4}.Staging|Any CPU.ActiveCfg = Staging|Any CPU
		{57A91768-906F-4083-8486-CCF18D7E79F4}.Staging|Any CPU.Build.0 = Staging|Any CPU
	EndGlobalSection
	GlobalSection(SolutionProperties) = preSolution
		HideSolutionNode = FALSE
	EndGlobalSection
	GlobalSection(ExtensibilityGlobals) = postSolution
		SolutionGuid = {35C45F9F-33EC-475D-B06C-389998F51CAC}
	EndGlobalSection
EndGlobal
